PODS:
  - ADAL (2.5.3):
    - ADAL/app-lib (= 2.5.3)
  - ADAL/app-lib (2.5.3):
    - ADAL/tokencacheheader
  - GRKOpenSSLFramework (1.0.1.20.4)
  - JWTDecode (2.1.1)
  - NXOAuth2Client (1.2.8)
  - ProtocolBuffers-Swift (4.0.1)
  - Starscream (1.1.3)
  - themis (0.9.5):
    - GRKOpenSSLFramework (= 1.0.1.20.4)
    - themis/core (= 0.9.5)
    - themis/objcwrapper (= 0.9.5)
  - themis/core (0.9.5):
    - GRKOpenSSLFramework (= 1.0.1.20.4)
  - themis/objcwrapper (0.9.5):
    - GRKOpenSSLFramework (= 1.0.1.20.4)
    - themis/core

DEPENDENCIES:
  - ADAL
  - JWTDecode
  - NXOAuth2Client
  - ProtocolBuffers-Swift
  - Starscream (from `https://github.com/daltoniam/Starscream`, branch `swift3`)
  - themis (from `https://raw.githubusercontent.com/cossacklabs/themis/master/themis.podspec`)

EXTERNAL SOURCES:
  Starscream:
    :branch: swift3
    :git: https://github.com/daltoniam/Starscream
  themis:
    :podspec: https://raw.githubusercontent.com/cossacklabs/themis/master/themis.podspec

CHECKOUT OPTIONS:
  Starscream:
    :commit: b1472f2a99a747ffda35c43ac4eb58b73c59722a
    :git: https://github.com/daltoniam/Starscream

SPEC CHECKSUMS:
  ADAL: 841610aa617ec69e7cd709607067770602f26bf1
  GRKOpenSSLFramework: b6172cc34db9b999002483878772a4bf2a1687ba
  JWTDecode: 83e8b381aafe27158d9f692cbdca2b12d61d460c
  NXOAuth2Client: 98c4d4c594edd2b289cfc34a8928653e1dab7adf
  ProtocolBuffers-Swift: d1c0724bbfd1924c219131ff80bdda09352d959c
  Starscream: d662732354b40dd19ed1ece3e3c44c80b536b83c
  themis: 426fc731cd7be9542bbaaf0a3f3f0f916b5153f5

PODFILE CHECKSUM: cc18bfafc7fcfeede531f2db433b76e8c652ef4f

COCOAPODS: 1.3.1
